// !$*UTF8*$!
{
	archiveVersion = 1;
	classes = {
	};
	objectVersion = 46;
	objects = {

/* Begin PBXBuildFile section */
		2C8C0F611D9E133400018D23 /* AppDelegate.swift in Sources */ = {isa = PBXBuildFile; fileRef = 2C8C0F601D9E133400018D23 /* AppDelegate.swift */; };
		2C8C0F631D9E133400018D23 /* ViewController.swift in Sources */ = {isa = PBXBuildFile; fileRef = 2C8C0F621D9E133400018D23 /* ViewController.swift */; };
		2C8C0F661D9E133400018D23 /* Main.storyboard in Resources */ = {isa = PBXBuildFile; fileRef = 2C8C0F641D9E133400018D23 /* Main.storyboard */; };
		2C8C0F681D9E133400018D23 /* Assets.xcassets in Resources */ = {isa = PBXBuildFile; fileRef = 2C8C0F671D9E133400018D23 /* Assets.xcassets */; };
		2C8C0F6B1D9E133400018D23 /* LaunchScreen.storyboard in Resources */ = {isa = PBXBuildFile; fileRef = 2C8C0F691D9E133400018D23 /* LaunchScreen.storyboard */; };
		2C8C0F761D9E133400018D23 /* Ch5_test2Tests.swift in Sources */ = {isa = PBXBuildFile; fileRef = 2C8C0F751D9E133400018D23 /* Ch5_test2Tests.swift */; };
		2C8C0F811D9E133400018D23 /* Ch5_test2UITests.swift in Sources */ = {isa = PBXBuildFile; fileRef = 2C8C0F801D9E133400018D23 /* Ch5_test2UITests.swift */; };
/* End PBXBuildFile section */

/* Begin PBXContainerItemProxy section */
		2C8C0F721D9E133400018D23 /* PBXContainerItemProxy */ = {
			isa = PBXContainerItemProxy;
			containerPortal = 2C8C0F551D9E133400018D23 /* Project object */;
			proxyType = 1;
			remoteGlobalIDString = 2C8C0F5C1D9E133400018D23;
			remoteInfo = Ch5_test2;
		};
		2C8C0F7D1D9E133400018D23 /* PBXContainerItemProxy */ = {
			isa = PBXContainerItemProxy;
			containerPortal = 2C8C0F551D9E133400018D23 /* Project object */;
			proxyType = 1;
			remoteGlobalIDString = 2C8C0F5C1D9E133400018D23;
			remoteInfo = Ch5_test2;
		};
/* End PBXContainerItemProxy section */

/* Begin PBXFileReference section */
		2C8C0F5D1D9E133400018D23 /* Ch5_test2.app */ = {isa = PBXFileReference; explicitFileType = wrapper.application; includeInIndex = 0; path = Ch5_test2.app; sourceTree = BUILT_PRODUCTS_DIR; };
		2C8C0F601D9E133400018D23 /* AppDelegate.swift */ = {isa = PBXFileReference; lastKnownFileType = sourcecode.swift; path = AppDelegate.swift; sourceTree = "<group>"; };
		2C8C0F621D9E133400018D23 /* ViewController.swift */ = {isa = PBXFileReference; lastKnownFileType = sourcecode.swift; path = ViewController.swift; sourceTree = "<group>"; };
		2C8C0F651D9E133400018D23 /* Base */ = {isa = PBXFileReference; lastKnownFileType = file.storyboard; name = Base; path = Base.lproj/Main.storyboard; sourceTree = "<group>"; };
		2C8C0F671D9E133400018D23 /* Assets.xcassets */ = {isa = PBXFileReference; lastKnownFileType = folder.assetcatalog; path = Assets.xcassets; sourceTree = "<group>"; };
		2C8C0F6A1D9E133400018D23 /* Base */ = {isa = PBXFileReference; lastKnownFileType = file.storyboard; name = Base; path = Base.lproj/LaunchScreen.storyboard; sourceTree = "<group>"; };
		2C8C0F6C1D9E133400018D23 /* Info.plist */ = {isa = PBXFileReference; lastKnownFileType = text.plist.xml; path = Info.plist; sourceTree = "<group>"; };
		2C8C0F711D9E133400018D23 /* Ch5_test2Tests.xctest */ = {isa = PBXFileReference; explicitFileType = wrapper.cfbundle; includeInIndex = 0; path = Ch5_test2Tests.xctest; sourceTree = BUILT_PRODUCTS_DIR; };
		2C8C0F751D9E133400018D23 /* Ch5_test2Tests.swift */ = {isa = PBXFileReference; lastKnownFileType = sourcecode.swift; path = Ch5_test2Tests.swift; sourceTree = "<group>"; };
		2C8C0F771D9E133400018D23 /* Info.plist */ = {isa = PBXFileReference; lastKnownFileType = text.plist.xml; path = Info.plist; sourceTree = "<group>"; };
		2C8C0F7C1D9E133400018D23 /* Ch5_test2UITests.xctest */ = {isa = PBXFileReference; explicitFileType = wrapper.cfbundle; includeInIndex = 0; path = Ch5_test2UITests.xctest; sourceTree = BUILT_PRODUCTS_DIR; };
		2C8C0F801D9E133400018D23 /* Ch5_test2UITests.swift */ = {isa = PBXFileReference; lastKnownFileType = sourcecode.swift; path = Ch5_test2UITests.swift; sourceTree = "<group>"; };
		2C8C0F821D9E133400018D23 /* Info.plist */ = {isa = PBXFileReference; lastKnownFileType = text.plist.xml; path = Info.plist; sourceTree = "<group>"; };
/* End PBXFileReference section */

/* Begin PBXFrameworksBuildPhase section */
		2C8C0F5A1D9E133400018D23 /* Frameworks */ = {
			isa = PBXFrameworksBuildPhase;
			buildActionMask = 2147483647;
			files = (
			);
			runOnlyForDeploymentPostprocessing = 0;
		};
		2C8C0F6E1D9E133400018D23 /* Frameworks */ = {
			isa = PBXFrameworksBuildPhase;
			buildActionMask = 2147483647;
			files = (
			);
			runOnlyForDeploymentPostprocessing = 0;
		};
		2C8C0F791D9E133400018D23 /* Frameworks */ = {
			isa = PBXFrameworksBuildPhase;
			buildActionMask = 2147483647;
			files = (
			);
			runOnlyForDeploymentPostprocessing = 0;
		};
/* End PBXFrameworksBuildPhase section */

/* Begin PBXGroup section */
		2C8C0F541D9E133400018D23 = {
			isa = PBXGroup;
			children = (
				2C8C0F5F1D9E133400018D23 /* Ch5_test2 */,
				2C8C0F741D9E133400018D23 /* Ch5_test2Tests */,
				2C8C0F7F1D9E133400018D23 /* Ch5_test2UITests */,
				2C8C0F5E1D9E133400018D23 /* Products */,
			);
			sourceTree = "<group>";
		};
		2C8C0F5E1D9E133400018D23 /* Products */ = {
			isa = PBXGroup;
			children = (
				2C8C0F5D1D9E133400018D23 /* Ch5_test2.app */,
				2C8C0F711D9E133400018D23 /* Ch5_test2Tests.xctest */,
				2C8C0F7C1D9E133400018D23 /* Ch5_test2UITests.xctest */,
			);
			name = Products;
			sourceTree = "<group>";
		};
		2C8C0F5F1D9E133400018D23 /* Ch5_test2 */ = {
			isa = PBXGroup;
			children = (
				2C8C0F601D9E133400018D23 /* AppDelegate.swift */,
				2C8C0F621D9E133400018D23 /* ViewController.swift */,
				2C8C0F641D9E133400018D23 /* Main.storyboard */,
				2C8C0F671D9E133400018D23 /* Assets.xcassets */,
				2C8C0F691D9E133400018D23 /* LaunchScreen.storyboard */,
				2C8C0F6C1D9E133400018D23 /* Info.plist */,
			);
			path = Ch5_test2;
			sourceTree = "<group>";
		};
		2C8C0F741D9E133400018D23 /* Ch5_test2Tests */ = {
			isa = PBXGroup;
			children = (
				2C8C0F751D9E133400018D23 /* Ch5_test2Tests.swift */,
				2C8C0F771D9E133400018D23 /* Info.plist */,
			);
			path = Ch5_test2Tests;
			sourceTree = "<group>";
		};
		2C8C0F7F1D9E133400018D23 /* Ch5_test2UITests */ = {
			isa = PBXGroup;
			children = (
				2C8C0F801D9E133400018D23 /* Ch5_test2UITests.swift */,
				2C8C0F821D9E133400018D23 /* Info.plist */,
			);
			path = Ch5_test2UITests;
			sourceTree = "<group>";
		};
/* End PBXGroup section */

/* Begin PBXNativeTarget section */
		2C8C0F5C1D9E133400018D23 /* Ch5_test2 */ = {
			isa = PBXNativeTarget;
			buildConfigurationList = 2C8C0F851D9E133400018D23 /* Build configuration list for PBXNativeTarget "Ch5_test2" */;
			buildPhases = (
				2C8C0F591D9E133400018D23 /* Sources */,
				2C8C0F5A1D9E133400018D23 /* Frameworks */,
				2C8C0F5B1D9E133400018D23 /* Resources */,
			);
			buildRules = (
			);
			dependencies = (
			);
			name = Ch5_test2;
			productName = Ch5_test2;
			productReference = 2C8C0F5D1D9E133400018D23 /* Ch5_test2.app */;
			productType = "com.apple.product-type.application";
		};
		2C8C0F701D9E133400018D23 /* Ch5_test2Tests */ = {
			isa = PBXNativeTarget;
			buildConfigurationList = 2C8C0F881D9E133400018D23 /* Build configuration list for PBXNativeTarget "Ch5_test2Tests" */;
			buildPhases = (
				2C8C0F6D1D9E133400018D23 /* Sources */,
				2C8C0F6E1D9E133400018D23 /* Frameworks */,
				2C8C0F6F1D9E133400018D23 /* Resources */,
			);
			buildRules = (
			);
			dependencies = (
				2C8C0F731D9E133400018D23 /* PBXTargetDependency */,
			);
			name = Ch5_test2Tests;
			productName = Ch5_test2Tests;
			productReference = 2C8C0F711D9E133400018D23 /* Ch5_test2Tests.xctest */;
			productType = "com.apple.product-type.bundle.unit-test";
		};
		2C8C0F7B1D9E133400018D23 /* Ch5_test2UITests */ = {
			isa = PBXNativeTarget;
			buildConfigurationList = 2C8C0F8B1D9E133400018D23 /* Build configuration list for PBXNativeTarget "Ch5_test2UITests" */;
			buildPhases = (
				2C8C0F781D9E133400018D23 /* Sources */,
				2C8C0F791D9E133400018D23 /* Frameworks */,
				2C8C0F7A1D9E133400018D23 /* Resources */,
			);
			buildRules = (
			);
			dependencies = (
				2C8C0F7E1D9E133400018D23 /* PBXTargetDependency */,
			);
			name = Ch5_test2UITests;
			productName = Ch5_test2UITests;
			productReference = 2C8C0F7C1D9E133400018D23 /* Ch5_test2UITests.xctest */;
			productType = "com.apple.product-type.bundle.ui-testing";
		};
/* End PBXNativeTarget section */

/* Begin PBXProject section */
		2C8C0F551D9E133400018D23 /* Project object */ = {
			isa = PBXProject;
			attributes = {
				LastSwiftUpdateCheck = 0800;
				LastUpgradeCheck = 0800;
				ORGANIZATIONNAME = Yan;
				TargetAttributes = {
					2C8C0F5C1D9E133400018D23 = {
						CreatedOnToolsVersion = 8.0;
						DevelopmentTeam = 8QLRQ9DKAB;
						ProvisioningStyle = Automatic;
					};
					2C8C0F701D9E133400018D23 = {
						CreatedOnToolsVersion = 8.0;
						DevelopmentTeam = 8QLRQ9DKAB;
						ProvisioningStyle = Automatic;
						TestTargetID = 2C8C0F5C1D9E133400018D23;
					};
					2C8C0F7B1D9E133400018D23 = {
						CreatedOnToolsVersion = 8.0;
						DevelopmentTeam = 8QLRQ9DKAB;
						ProvisioningStyle = Automatic;
						TestTargetID = 2C8C0F5C1D9E133400018D23;
					};
				};
			};
			buildConfigurationList = 2C8C0F581D9E133400018D23 /* Build configuration list for PBXProject "Ch5_test2" */;
			compatibilityVersion = "Xcode 3.2";
			developmentRegion = English;
			hasScannedForEncodings = 0;
			knownRegions = (
				en,
				Base,
			);
			mainGroup = 2C8C0F541D9E133400018D23;
			productRefGroup = 2C8C0F5E1D9E133400018D23 /* Products */;
			projectDirPath = "";
			projectRoot = "";
			targets = (
				2C8C0F5C1D9E133400018D23 /* Ch5_test2 */,
				2C8C0F701D9E133400018D23 /* Ch5_test2Tests */,
				2C8C0F7B1D9E133400018D23 /* Ch5_test2UITests */,
			);
		};
/* End PBXProject section */

/* Begin PBXResourcesBuildPhase section */
		2C8C0F5B1D9E133400018D23 /* Resources */ = {
			isa = PBXResourcesBuildPhase;
			buildActionMask = 2147483647;
			files = (
				2C8C0F6B1D9E133400018D23 /* LaunchScreen.storyboard in Resources */,
				2C8C0F681D9E133400018D23 /* Assets.xcassets in Resources */,
				2C8C0F661D9E133400018D23 /* Main.storyboard in Resources */,
			);
			runOnlyForDeploymentPostprocessing = 0;
		};
		2C8C0F6F1D9E133400018D23 /* Resources */ = {
			isa = PBXResourcesBuildPhase;
			buildActionMask = 2147483647;
			files = (
			);
			runOnlyForDeploymentPostprocessing = 0;
		};
		2C8C0F7A1D9E133400018D23 /* Resources */ = {
			isa = PBXResourcesBuildPhase;
			buildActionMask = 2147483647;
			files = (
			);
			runOnlyForDeploymentPostprocessing = 0;
		};
/* End PBXResourcesBuildPhase section */

/* Begin PBXSourcesBuildPhase section */
		2C8C0F591D9E133400018D23 /* Sources */ = {
			isa = PBXSourcesBuildPhase;
			buildActionMask = 2147483647;
			files = (
				2C8C0F631D9E133400018D23 /* ViewController.swift in Sources */,
				2C8C0F611D9E133400018D23 /* AppDelegate.swift in Sources */,
			);
			runOnlyForDeploymentPostprocessing = 0;
		};
		2C8C0F6D1D9E133400018D23 /* Sources */ = {
			isa = PBXSourcesBuildPhase;
			buildActionMask = 2147483647;
			files = (
				2C8C0F761D9E133400018D23 /* Ch5_test2Tests.swift in Sources */,
			);
			runOnlyForDeploymentPostprocessing = 0;
		};
		2C8C0F781D9E133400018D23 /* Sources */ = {
			isa = PBXSourcesBuildPhase;
			buildActionMask = 2147483647;
			files = (
				2C8C0F811D9E133400018D23 /* Ch5_test2UITests.swift in Sources */,
			);
			runOnlyForDeploymentPostprocessing = 0;
		};
/* End PBXSourcesBuildPhase section */

/* Begin PBXTargetDependency section */
		2C8C0F731D9E133400018D23 /* PBXTargetDependency */ = {
			isa = PBXTargetDependency;
			target = 2C8C0F5C1D9E133400018D23 /* Ch5_test2 */;
			targetProxy = 2C8C0F721D9E133400018D23 /* PBXContainerItemProxy */;
		};
		2C8C0F7E1D9E133400018D23 /* PBXTargetDependency */ = {
			isa = PBXTargetDependency;
			target = 2C8C0F5C1D9E133400018D23 /* Ch5_test2 */;
			targetProxy = 2C8C0F7D1D9E133400018D23 /* PBXContainerItemProxy */;
		};
/* End PBXTargetDependency section */

/* Begin PBXVariantGroup section */
		2C8C0F641D9E133400018D23 /* Main.storyboard */ = {
			isa = PBXVariantGroup;
			children = (
				2C8C0F651D9E133400018D23 /* Base */,
			);
			name = Main.storyboard;
			sourceTree = "<group>";
		};
		2C8C0F691D9E133400018D23 /* LaunchScreen.storyboard */ = {
			isa = PBXVariantGroup;
			children = (
				2C8C0F6A1D9E133400018D23 /* Base */,
			);
			name = LaunchScreen.storyboard;
			sourceTree = "<group>";
		};
/* End PBXVariantGroup section */

/* Begin XCBuildConfiguration section */
		2C8C0F831D9E133400018D23 /* Debug */ = {
			isa = XCBuildConfiguration;
			buildSettings = {
				ALWAYS_SEARCH_USER_PATHS = NO;
				CLANG_ANALYZER_NONNULL = YES;
				CLANG_CXX_LANGUAGE_STANDARD = "gnu++0x";
				CLANG_CXX_LIBRARY = "libc++";
				CLANG_ENABLE_MODULES = YES;
				CLANG_ENABLE_OBJC_ARC = YES;
				CLANG_WARN_BOOL_CONVERSION = YES;
				CLANG_WARN_CONSTANT_CONVERSION = YES;
				CLANG_WARN_DIRECT_OBJC_ISA_USAGE = YES_ERROR;
				CLANG_WARN_DOCUMENTATION_COMMENTS = YES;
				CLANG_WARN_EMPTY_BODY = YES;
				CLANG_WARN_ENUM_CONVERSION = YES;
				CLANG_WARN_INFINITE_RECURSION = YES;
				CLANG_WARN_INT_CONVERSION = YES;
				CLANG_WARN_OBJC_ROOT_CLASS = YES_ERROR;
				CLANG_WARN_SUSPICIOUS_MOVES = YES;
				CLANG_WARN_UNREACHABLE_CODE = YES;
				CLANG_WARN__DUPLICATE_METHOD_MATCH = YES;
				"CODE_SIGN_IDENTITY[sdk=iphoneos*]" = "iPhone Developer";
				COPY_PHASE_STRIP = NO;
				DEBUG_INFORMATION_FORMAT = dwarf;
				ENABLE_STRICT_OBJC_MSGSEND = YES;
				ENABLE_TESTABILITY = YES;
				GCC_C_LANGUAGE_STANDARD = gnu99;
				GCC_DYNAMIC_NO_PIC = NO;
				GCC_NO_COMMON_BLOCKS = YES;
				GCC_OPTIMIZATION_LEVEL = 0;
				GCC_PREPROCESSOR_DEFINITIONS = (
					"DEBUG=1",
					"$(inherited)",
				);
				GCC_WARN_64_TO_32_BIT_CONVERSION = YES;
				GCC_WARN_ABOUT_RETURN_TYPE = YES_ERROR;
				GCC_WARN_UNDECLARED_SELECTOR = YES;
				GCC_WARN_UNINITIALIZED_AUTOS = YES_AGGRESSIVE;
				GCC_WARN_UNUSED_FUNCTION = YES;
				GCC_WARN_UNUSED_VARIABLE = YES;
				IPHONEOS_DEPLOYMENT_TARGET = 10.0;
				MTL_ENABLE_DEBUG_INFO = YES;
				ONLY_ACTIVE_ARCH = YES;
				SDKROOT = iphoneos;
				SWIFT_ACTIVE_COMPILATION_CONDITIONS = DEBUG;
				SWIFT_OPTIMIZATION_LEVEL = "-Onone";
				TARGETED_DEVICE_FAMILY = "1,2";
			};
			name = Debug;
		};
		2C8C0F841D9E133400018D23 /* Release */ = {
			isa = XCBuildConfiguration;
			buildSettings = {
				ALWAYS_SEARCH_USER_PATHS = NO;
				CLANG_ANALYZER_NONNULL = YES;
				CLANG_CXX_LANGUAGE_STANDARD = "gnu++0x";
				CLANG_CXX_LIBRARY = "libc++";
				CLANG_ENABLE_MODULES = YES;
				CLANG_ENABLE_OBJC_ARC = YES;
				CLANG_WARN_BOOL_CONVERSION = YES;
				CLANG_WARN_CONSTANT_CONVERSION = YES;
				CLANG_WARN_DIRECT_OBJC_ISA_USAGE = YES_ERROR;
				CLANG_WARN_DOCUMENTATION_COMMENTS = YES;
				CLANG_WARN_EMPTY_BODY = YES;
				CLANG_WARN_ENUM_CONVERSION = YES;
				CLANG_WARN_INFINITE_RECURSION = YES;
				CLANG_WARN_INT_CONVERSION = YES;
				CLANG_WARN_OBJC_ROOT_CLASS = YES_ERROR;
				CLANG_WARN_SUSPICIOUS_MOVES = YES;
				CLANG_WARN_UNREACHABLE_CODE = YES;
				CLANG_WARN__DUPLICATE_METHOD_MATCH = YES;
				"CODE_SIGN_IDENTITY[sdk=iphoneos*]" = "iPhone Developer";
				COPY_PHASE_STRIP = NO;
				DEBUG_INFORMATION_FORMAT = "dwarf-with-dsym";
				ENABLE_NS_ASSERTIONS = NO;
				ENABLE_STRICT_OBJC_MSGSEND = YES;
				GCC_C_LANGUAGE_STANDARD = gnu99;
				GCC_NO_COMMON_BLOCKS = YES;
				GCC_WARN_64_TO_32_BIT_CONVERSION = YES;
				GCC_WARN_ABOUT_RETURN_TYPE = YES_ERROR;
				GCC_WARN_UNDECLARED_SELECTOR = YES;
				GCC_WARN_UNINITIALIZED_AUTOS = YES_AGGRESSIVE;
				GCC_WARN_UNUSED_FUNCTION = YES;
				GCC_WARN_UNUSED_VARIABLE = YES;
				IPHONEOS_DEPLOYMENT_TARGET = 10.0;
				MTL_ENABLE_DEBUG_INFO = NO;
				SDKROOT = iphoneos;
				SWIFT_OPTIMIZATION_LEVEL = "-Owholemodule";
				TARGETED_DEVICE_FAMILY = "1,2";
				VALIDATE_PRODUCT = YES;
			};
			name = Release;
		};
		2C8C0F861D9E133400018D23 /* Debug */ = {
			isa = XCBuildConfiguration;
			buildSettings = {
				ASSETCATALOG_COMPILER_APPICON_NAME = AppIcon;
				DEVELOPMENT_TEAM = 8QLRQ9DKAB;
				INFOPLIST_FILE = Ch5_test2/Info.plist;
				LD_RUNPATH_SEARCH_PATHS = "$(inherited) @executable_path/Frameworks";
				PRODUCT_BUNDLE_IDENTIFIER = "TT.Ch5-test2";
				PRODUCT_NAME = "$(TARGET_NAME)";
				SWIFT_VERSION = 3.0;
			};
			name = Debug;
		};
		2C8C0F871D9E133400018D23 /* Release */ = {
			isa = XCBuildConfiguration;
			buildSettings = {
				ASSETCATALOG_COMPILER_APPICON_NAME = AppIcon;
				DEVELOPMENT_TEAM = 8QLRQ9DKAB;
				INFOPLIST_FILE = Ch5_test2/Info.plist;
				LD_RUNPATH_SEARCH_PATHS = "$(inherited) @executable_path/Frameworks";
				PRODUCT_BUNDLE_IDENTIFIER = "TT.Ch5-test2";
				PRODUCT_NAME = "$(TARGET_NAME)";
				SWIFT_VERSION = 3.0;
			};
			name = Release;
		};
		2C8C0F891D9E133400018D23 /* Debug */ = {
			isa = XCBuildConfiguration;
			buildSettings = {
				ALWAYS_EMBED_SWIFT_STANDARD_LIBRARIES = YES;
				BUNDLE_LOADER = "$(TEST_HOST)";
				DEVELOPMENT_TEAM = 8QLRQ9DKAB;
				INFOPLIST_FILE = Ch5_test2Tests/Info.plist;
				LD_RUNPATH_SEARCH_PATHS = "$(inherited) @executable_path/Frameworks @loader_path/Frameworks";
				PRODUCT_BUNDLE_IDENTIFIER = "TT.Ch5-test2Tests";
				PRODUCT_NAME = "$(TARGET_NAME)";
				SWIFT_VERSION = 3.0;
				TEST_HOST = "$(BUILT_PRODUCTS_DIR)/Ch5_test2.app/Ch5_test2";
			};
			name = Debug;
		};
		2C8C0F8A1D9E133400018D23 /* Release */ = {
			isa = XCBuildConfiguration;
			buildSettings = {
				ALWAYS_EMBED_SWIFT_STANDARD_LIBRARIES = YES;
				BUNDLE_LOADER = "$(TEST_HOST)";
				DEVELOPMENT_TEAM = 8QLRQ9DKAB;
				INFOPLIST_FILE = Ch5_test2Tests/Info.plist;
				LD_RUNPATH_SEARCH_PATHS = "$(inherited) @executable_path/Frameworks @loader_path/Frameworks";
				PRODUCT_BUNDLE_IDENTIFIER = "TT.Ch5-test2Tests";
				PRODUCT_NAME = "$(TARGET_NAME)";
				SWIFT_VERSION = 3.0;
				TEST_HOST = "$(BUILT_PRODUCTS_DIR)/Ch5_test2.app/Ch5_test2";
			};
			name = Release;
		};
		2C8C0F8C1D9E133400018D23 /* Debug */ = {
			isa = XCBuildConfiguration;
			buildSettings = {
				ALWAYS_EMBED_SWIFT_STANDARD_LIBRARIES = YES;
				DEVELOPMENT_TEAM = 8QLRQ9DKAB;
				INFOPLIST_FILE = Ch5_test2UITests/Info.plist;
				LD_RUNPATH_SEARCH_PATHS = "$(inherited) @executable_path/Frameworks @loader_path/Frameworks";
				PRODUCT_BUNDLE_IDENTIFIER = "TT.Ch5-test2UITests";
				PRODUCT_NAME = "$(TARGET_NAME)";
				SWIFT_VERSION = 3.0;
				TEST_TARGET_NAME = Ch5_test2;
			};
			name = Debug;
		};
		2C8C0F8D1D9E133400018D23 /* Release */ = {
			isa = XCBuildConfiguration;
			buildSettings = {
				ALWAYS_EMBED_SWIFT_STANDARD_LIBRARIES = YES;
				DEVELOPMENT_TEAM = 8QLRQ9DKAB;
				INFOPLIST_FILE = Ch5_test2UITests/Info.plist;
				LD_RUNPATH_SEARCH_PATHS = "$(inherited) @executable_path/Frameworks @loader_path/Frameworks";
				PRODUCT_BUNDLE_IDENTIFIER = "TT.Ch5-test2UITests";
				PRODUCT_NAME = "$(TARGET_NAME)";
				SWIFT_VERSION = 3.0;
				TEST_TARGET_NAME = Ch5_test2;
			};
			name = Release;
		};
/* End XCBuildConfiguration section */

/* Begin XCConfigurationList section */
		2C8C0F581D9E133400018D23 /* Build configuration list for PBXProject "Ch5_test2" */ = {
			isa = XCConfigurationList;
			buildConfigurations = (
				2C8C0F831D9E133400018D23 /* Debug */,
				2C8C0F841D9E133400018D23 /* Release */,
			);
			defaultConfigurationIsVisible = 0;
			defaultConfigurationName = Release;
		};
		2C8C0F851D9E133400018D23 /* Build configuration list for PBXNativeTarget "Ch5_test2" */ = {
			isa = XCConfigurationList;
			buildConfigurations = (
				2C8C0F861D9E133400018D23 /* Debug */,
				2C8C0F871D9E133400018D23 /* Release */,
			);
			defaultConfigurationIsVisible = 0;
		};
		2C8C0F881D9E133400018D23 /* Build configuration list for PBXNativeTarget "Ch5_test2Tests" */ = {
			isa = XCConfigurationList;
			buildConfigurations = (
				2C8C0F891D9E133400018D23 /* Debug */,
				2C8C0F8A1D9E133400018D23 /* Release */,
			);
			defaultConfigurationIsVisible = 0;
		};
		2C8C0F8B1D9E133400018D23 /* Build configuration list for PBXNativeTarget "Ch5_test2UITests" */ = {
			isa = XCConfigurationList;
			buildConfigurations = (
				2C8C0F8C1D9E133400018D23 /* Debug */,
				2C8C0F8D1D9E133400018D23 /* Release */,
			);
			defaultConfigurationIsVisible = 0;
		};
/* End XCConfigurationList section */
	};
	rootObject = 2C8C0F551D9E133400018D23 /* Project object */;
}
